Microsoft Visual Studio Solution File, Format Version 8.00
Project("{8BC9CEB8-8B4A-11D0-8D11-00A0C91BC942}") = "Ex11_5", "Ex11_5.vcproj", "{24B8417E-8083-46BE-B1BA-CA1B207B0720}"
	ProjectSection(ProjectDependencies) = postProject
	EndProjectSection
EndProject
Global
	GlobalSection(SolutionConfiguration) = preSolution
		Debug = Debug
		Release = Release
	EndGlobalSection
	GlobalSection(ProjectConfiguration) = postSolution
		{24B8417E-8083-46BE-B1BA-CA1B207B0720}.Debug.ActiveCfg = Debug|Win32
		{24B8417E-8083-46BE-B1BA-CA1B207B0720}.Debug.Build.0 = Debug|Win32
		{24B8417E-8083-46BE-B1BA-CA1B207B0720}.Release.ActiveCfg = Release|Win32
		{24B8417E-8083-46BE-B1BA-CA1B207B0720}.Release.Build.0 = Release|Win32
	EndGlobalSection
	GlobalSection(ExtensibilityGlobals) = postSolution
	EndGlobalSection
	GlobalSection(ExtensibilityAddIns) = postSolution
	EndGlobalSection
EndGlobal
