Microsoft Visual Studio Solution File, Format Version 8.00
Project("{8BC9CEB8-8B4A-11D0-8D11-00A0C91BC942}") = "Ex11_8", "Ex11_8.vcproj", "{BC27244D-AF16-4D13-BF08-9747F47FAA78}"
	ProjectSection(ProjectDependencies) = postProject
	EndProjectSection
EndProject
Global
	GlobalSection(SolutionConfiguration) = preSolution
		Debug = Debug
		Release = Release
	EndGlobalSection
	GlobalSection(ProjectConfiguration) = postSolution
		{BC27244D-AF16-4D13-BF08-9747F47FAA78}.Debug.ActiveCfg = Debug|Win32
		{BC27244D-AF16-4D13-BF08-9747F47FAA78}.Debug.Build.0 = Debug|Win32
		{BC27244D-AF16-4D13-BF08-9747F47FAA78}.Release.ActiveCfg = Release|Win32
		{BC27244D-AF16-4D13-BF08-9747F47FAA78}.Release.Build.0 = Release|Win32
	EndGlobalSection
	GlobalSection(ExtensibilityGlobals) = postSolution
	EndGlobalSection
	GlobalSection(ExtensibilityAddIns) = postSolution
	EndGlobalSection
EndGlobal
